
Microsoft Visual Studio Solution File, Format Version 12.00
# Visual Studio Version 16
VisualStudioVersion = 16.0.31613.86
MinimumVisualStudioVersion = 10.0.40219.1
Project("{FAE04EC0-301F-11D3-BF4B-00C04F79EFBC}") = "MediaValet.Supervisor", "MediaValet.Supervisor\MediaValet.Supervisor.csproj", "{88A3E4C3-EBA4-48C9-9B25-A6A8B97985C6}"
EndProject
Project("{FAE04EC0-301F-11D3-BF4B-00C04F79EFBC}") = "MediaValet.Storage", "MediaValet.Storage\MediaValet.Storage.csproj", "{39DAC222-6FA9-4855-9275-F4C5601867D0}"
EndProject
Project("{FAE04EC0-301F-11D3-BF4B-00C04F79EFBC}") = "MediaValet.Modal", "MediaValet.Modal\MediaValet.Modal.csproj", "{9501E3CE-B088-4C00-B8A3-A25A1DCCD6E8}"
EndProject
Project("{FAE04EC0-301F-11D3-BF4B-00C04F79EFBC}") = "MediaValet.Agent", "MediaValet.Agent\MediaValet.Agent.csproj", "{B36646A7-2F4A-4935-A266-0D4303ABCDD5}"
EndProject
Project("{FAE04EC0-301F-11D3-BF4B-00C04F79EFBC}") = "MediaValet.BL", "MediaValet.BL\MediaValet.BL.csproj", "{127A7B3E-8391-4F23-BC52-D9BED9D6DD8A}"
EndProject
Global
	GlobalSection(SolutionConfigurationPlatforms) = preSolution
		Debug|Any CPU = Debug|Any CPU
		Release|Any CPU = Release|Any CPU
	EndGlobalSection
	GlobalSection(ProjectConfigurationPlatforms) = postSolution
		{88A3E4C3-EBA4-48C9-9B25-A6A8B97985C6}.Debug|Any CPU.ActiveCfg = Debug|Any CPU
		{88A3E4C3-EBA4-48C9-9B25-A6A8B97985C6}.Debug|Any CPU.Build.0 = Debug|Any CPU
		{88A3E4C3-EBA4-48C9-9B25-A6A8B97985C6}.Release|Any CPU.ActiveCfg = Release|Any CPU
		{88A3E4C3-EBA4-48C9-9B25-A6A8B97985C6}.Release|Any CPU.Build.0 = Release|Any CPU
		{39DAC222-6FA9-4855-9275-F4C5601867D0}.Debug|Any CPU.ActiveCfg = Debug|Any CPU
		{39DAC222-6FA9-4855-9275-F4C5601867D0}.Debug|Any CPU.Build.0 = Debug|Any CPU
		{39DAC222-6FA9-4855-9275-F4C5601867D0}.Release|Any CPU.ActiveCfg = Release|Any CPU
		{39DAC222-6FA9-4855-9275-F4C5601867D0}.Release|Any CPU.Build.0 = Release|Any CPU
		{9501E3CE-B088-4C00-B8A3-A25A1DCCD6E8}.Debug|Any CPU.ActiveCfg = Debug|Any CPU
		{9501E3CE-B088-4C00-B8A3-A25A1DCCD6E8}.Debug|Any CPU.Build.0 = Debug|Any CPU
		{9501E3CE-B088-4C00-B8A3-A25A1DCCD6E8}.Release|Any CPU.ActiveCfg = Release|Any CPU
		{9501E3CE-B088-4C00-B8A3-A25A1DCCD6E8}.Release|Any CPU.Build.0 = Release|Any CPU
		{B36646A7-2F4A-4935-A266-0D4303ABCDD5}.Debug|Any CPU.ActiveCfg = Debug|Any CPU
		{B36646A7-2F4A-4935-A266-0D4303ABCDD5}.Debug|Any CPU.Build.0 = Debug|Any CPU
		{B36646A7-2F4A-4935-A266-0D4303ABCDD5}.Release|Any CPU.ActiveCfg = Release|Any CPU
		{B36646A7-2F4A-4935-A266-0D4303ABCDD5}.Release|Any CPU.Build.0 = Release|Any CPU
		{127A7B3E-8391-4F23-BC52-D9BED9D6DD8A}.Debug|Any CPU.ActiveCfg = Debug|Any CPU
		{127A7B3E-8391-4F23-BC52-D9BED9D6DD8A}.Debug|Any CPU.Build.0 = Debug|Any CPU
		{127A7B3E-8391-4F23-BC52-D9BED9D6DD8A}.Release|Any CPU.ActiveCfg = Release|Any CPU
		{127A7B3E-8391-4F23-BC52-D9BED9D6DD8A}.Release|Any CPU.Build.0 = Release|Any CPU
	EndGlobalSection
	GlobalSection(SolutionProperties) = preSolution
		HideSolutionNode = FALSE
	EndGlobalSection
	GlobalSection(ExtensibilityGlobals) = postSolution
		SolutionGuid = {600EA776-8C21-4AAF-9A65-06BD8998FDE2}
	EndGlobalSection
EndGlobal
